
Microsoft Visual Studio Solution File, Format Version 12.00
# Visual Studio Version 17
VisualStudioVersion = 17.5.33516.290
MinimumVisualStudioVersion = 10.0.40219.1
Project("{FAE04EC0-301F-11D3-BF4B-00C04F79EFBC}") = "SinchBinarySignal", "SinchBinarySignal\SinchBinarySignal.csproj", "{ECF19EAE-AF44-43CB-849D-0E096D98F9D0}"
EndProject
Project("{FAE04EC0-301F-11D3-BF4B-00C04F79EFBC}") = "BinarySignalUnitTests", "BinarySignalUnitTests\BinarySignalUnitTests.csproj", "{32E9AB85-E731-46E9-A4D9-FB4B3C0DC424}"
EndProject
Global
	GlobalSection(SolutionConfigurationPlatforms) = preSolution
		Debug|Any CPU = Debug|Any CPU
		Release|Any CPU = Release|Any CPU
	EndGlobalSection
	GlobalSection(ProjectConfigurationPlatforms) = postSolution
		{ECF19EAE-AF44-43CB-849D-0E096D98F9D0}.Debug|Any CPU.ActiveCfg = Debug|Any CPU
		{ECF19EAE-AF44-43CB-849D-0E096D98F9D0}.Debug|Any CPU.Build.0 = Debug|Any CPU
		{ECF19EAE-AF44-43CB-849D-0E096D98F9D0}.Release|Any CPU.ActiveCfg = Release|Any CPU
		{ECF19EAE-AF44-43CB-849D-0E096D98F9D0}.Release|Any CPU.Build.0 = Release|Any CPU
		{32E9AB85-E731-46E9-A4D9-FB4B3C0DC424}.Debug|Any CPU.ActiveCfg = Debug|Any CPU
		{32E9AB85-E731-46E9-A4D9-FB4B3C0DC424}.Debug|Any CPU.Build.0 = Debug|Any CPU
		{32E9AB85-E731-46E9-A4D9-FB4B3C0DC424}.Release|Any CPU.ActiveCfg = Release|Any CPU
		{32E9AB85-E731-46E9-A4D9-FB4B3C0DC424}.Release|Any CPU.Build.0 = Release|Any CPU
	EndGlobalSection
	GlobalSection(SolutionProperties) = preSolution
		HideSolutionNode = FALSE
	EndGlobalSection
	GlobalSection(ExtensibilityGlobals) = postSolution
		SolutionGuid = {4DA3990A-D337-44D7-A4A0-311CADB83608}
	EndGlobalSection
EndGlobal
